// !$*UTF8*$!
{
	archiveVersion = 1;
	classes = {
	};
	objectVersion = 60;
	objects = {

/* Begin PBXBuildFile section */
		0790CB2E2C142595003E1729 /* MultiPlatformExampleApp.swift in Sources */ = {isa = PBXBuildFile; fileRef = 0790CB2D2C142595003E1729 /* MultiPlatformExampleApp.swift */; };
		0790CB302C142595003E1729 /* ContentView.swift in Sources */ = {isa = PBXBuildFile; fileRef = 0790CB2F2C142595003E1729 /* ContentView.swift */; };
		0790CB322C142596003E1729 /* Assets.xcassets in Resources */ = {isa = PBXBuildFile; fileRef = 0790CB312C142596003E1729 /* Assets.xcassets */; };
		0790CB362C142596003E1729 /* Preview Assets.xcassets in Resources */ = {isa = PBXBuildFile; fileRef = 0790CB352C142596003E1729 /* Preview Assets.xcassets */; };
		0790CB402C142596003E1729 /* MultiPlatformExampleTests.swift in Sources */ = {isa = PBXBuildFile; fileRef = 0790CB3F2C142596003E1729 /* MultiPlatformExampleTests.swift */; };
		0790CB4A2C142596003E1729 /* MultiPlatformExampleUITests.swift in Sources */ = {isa = PBXBuildFile; fileRef = 0790CB492C142596003E1729 /* MultiPlatformExampleUITests.swift */; };
		0790CB4C2C142596003E1729 /* MultiPlatformExampleUITestsLaunchTests.swift in Sources */ = {isa = PBXBuildFile; fileRef = 0790CB4B2C142596003E1729 /* MultiPlatformExampleUITestsLaunchTests.swift */; };
		0790CB5A2C1492A0003E1729 /* MyMathPackage in Frameworks */ = {isa = PBXBuildFile; productRef = 0790CB592C1492A0003E1729 /* MyMathPackage */; };
/* End PBXBuildFile section */

/* Begin PBXContainerItemProxy section */
		0790CB3C2C142596003E1729 /* PBXContainerItemProxy */ = {
			isa = PBXContainerItemProxy;
			containerPortal = 0790CB222C142595003E1729 /* Project object */;
			proxyType = 1;
			remoteGlobalIDString = 0790CB292C142595003E1729;
			remoteInfo = MultiPlatformExample;
		};
		0790CB462C142596003E1729 /* PBXContainerItemProxy */ = {
			isa = PBXContainerItemProxy;
			containerPortal = 0790CB222C142595003E1729 /* Project object */;
			proxyType = 1;
			remoteGlobalIDString = 0790CB292C142595003E1729;
			remoteInfo = MultiPlatformExample;
		};
/* End PBXContainerItemProxy section */

/* Begin PBXFileReference section */
		0790CB2A2C142595003E1729 /* MultiPlatformExample.app */ = {isa = PBXFileReference; explicitFileType = wrapper.application; includeInIndex = 0; path = MultiPlatformExample.app; sourceTree = BUILT_PRODUCTS_DIR; };
		0790CB2D2C142595003E1729 /* MultiPlatformExampleApp.swift */ = {isa = PBXFileReference; lastKnownFileType = sourcecode.swift; path = MultiPlatformExampleApp.swift; sourceTree = "<group>"; };
		0790CB2F2C142595003E1729 /* ContentView.swift */ = {isa = PBXFileReference; lastKnownFileType = sourcecode.swift; path = ContentView.swift; sourceTree = "<group>"; };
		0790CB312C142596003E1729 /* Assets.xcassets */ = {isa = PBXFileReference; lastKnownFileType = folder.assetcatalog; path = Assets.xcassets; sourceTree = "<group>"; };
		0790CB332C142596003E1729 /* MultiPlatformExample.entitlements */ = {isa = PBXFileReference; lastKnownFileType = text.plist.entitlements; path = MultiPlatformExample.entitlements; sourceTree = "<group>"; };
		0790CB352C142596003E1729 /* Preview Assets.xcassets */ = {isa = PBXFileReference; lastKnownFileType = folder.assetcatalog; path = "Preview Assets.xcassets"; sourceTree = "<group>"; };
		0790CB3B2C142596003E1729 /* MultiPlatformExampleTests.xctest */ = {isa = PBXFileReference; explicitFileType = wrapper.cfbundle; includeInIndex = 0; path = MultiPlatformExampleTests.xctest; sourceTree = BUILT_PRODUCTS_DIR; };
		0790CB3F2C142596003E1729 /* MultiPlatformExampleTests.swift */ = {isa = PBXFileReference; lastKnownFileType = sourcecode.swift; path = MultiPlatformExampleTests.swift; sourceTree = "<group>"; };
		0790CB452C142596003E1729 /* MultiPlatformExampleUITests.xctest */ = {isa = PBXFileReference; explicitFileType = wrapper.cfbundle; includeInIndex = 0; path = MultiPlatformExampleUITests.xctest; sourceTree = BUILT_PRODUCTS_DIR; };
		0790CB492C142596003E1729 /* MultiPlatformExampleUITests.swift */ = {isa = PBXFileReference; lastKnownFileType = sourcecode.swift; path = MultiPlatformExampleUITests.swift; sourceTree = "<group>"; };
		0790CB4B2C142596003E1729 /* MultiPlatformExampleUITestsLaunchTests.swift */ = {isa = PBXFileReference; lastKnownFileType = sourcecode.swift; path = MultiPlatformExampleUITestsLaunchTests.swift; sourceTree = "<group>"; };
/* End PBXFileReference section */

/* Begin PBXFrameworksBuildPhase section */
		0790CB272C142595003E1729 /* Frameworks */ = {
			isa = PBXFrameworksBuildPhase;
			buildActionMask = 2147483647;
			files = (
				0790CB5A2C1492A0003E1729 /* MyMathPackage in Frameworks */,
			);
			runOnlyForDeploymentPostprocessing = 0;
		};
		0790CB382C142596003E1729 /* Frameworks */ = {
			isa = PBXFrameworksBuildPhase;
			buildActionMask = 2147483647;
			files = (
			);
			runOnlyForDeploymentPostprocessing = 0;
		};
		0790CB422C142596003E1729 /* Frameworks */ = {
			isa = PBXFrameworksBuildPhase;
			buildActionMask = 2147483647;
			files = (
			);
			runOnlyForDeploymentPostprocessing = 0;
		};
/* End PBXFrameworksBuildPhase section */

/* Begin PBXGroup section */
		0790CB212C142595003E1729 = {
			isa = PBXGroup;
			children = (
				0790CB2C2C142595003E1729 /* MultiPlatformExample */,
				0790CB3E2C142596003E1729 /* MultiPlatformExampleTests */,
				0790CB482C142596003E1729 /* MultiPlatformExampleUITests */,
				0790CB2B2C142595003E1729 /* Products */,
			);
			sourceTree = "<group>";
		};
		0790CB2B2C142595003E1729 /* Products */ = {
			isa = PBXGroup;
			children = (
				0790CB2A2C142595003E1729 /* MultiPlatformExample.app */,
				0790CB3B2C142596003E1729 /* MultiPlatformExampleTests.xctest */,
				0790CB452C142596003E1729 /* MultiPlatformExampleUITests.xctest */,
			);
			name = Products;
			sourceTree = "<group>";
		};
		0790CB2C2C142595003E1729 /* MultiPlatformExample */ = {
			isa = PBXGroup;
			children = (
				0790CB2D2C142595003E1729 /* MultiPlatformExampleApp.swift */,
				0790CB2F2C142595003E1729 /* ContentView.swift */,
				0790CB312C142596003E1729 /* Assets.xcassets */,
				0790CB332C142596003E1729 /* MultiPlatformExample.entitlements */,
				0790CB342C142596003E1729 /* Preview Content */,
			);
			path = MultiPlatformExample;
			sourceTree = "<group>";
		};
		0790CB342C142596003E1729 /* Preview Content */ = {
			isa = PBXGroup;
			children = (
				0790CB352C142596003E1729 /* Preview Assets.xcassets */,
			);
			path = "Preview Content";
			sourceTree = "<group>";
		};
		0790CB3E2C142596003E1729 /* MultiPlatformExampleTests */ = {
			isa = PBXGroup;
			children = (
				0790CB3F2C142596003E1729 /* MultiPlatformExampleTests.swift */,
			);
			path = MultiPlatformExampleTests;
			sourceTree = "<group>";
		};
		0790CB482C142596003E1729 /* MultiPlatformExampleUITests */ = {
			isa = PBXGroup;
			children = (
				0790CB492C142596003E1729 /* MultiPlatformExampleUITests.swift */,
				0790CB4B2C142596003E1729 /* MultiPlatformExampleUITestsLaunchTests.swift */,
			);
			path = MultiPlatformExampleUITests;
			sourceTree = "<group>";
		};
/* End PBXGroup section */

/* Begin PBXNativeTarget section */
		0790CB292C142595003E1729 /* MultiPlatformExample */ = {
			isa = PBXNativeTarget;
			buildConfigurationList = 0790CB4F2C142596003E1729 /* Build configuration list for PBXNativeTarget "MultiPlatformExample" */;
			buildPhases = (
				0790CB262C142595003E1729 /* Sources */,
				0790CB272C142595003E1729 /* Frameworks */,
				0790CB282C142595003E1729 /* Resources */,
			);
			buildRules = (
			);
			dependencies = (
			);
			name = MultiPlatformExample;
			packageProductDependencies = (
				0790CB592C1492A0003E1729 /* MyMathPackage */,
			);
			productName = MultiPlatformExample;
			productReference = 0790CB2A2C142595003E1729 /* MultiPlatformExample.app */;
			productType = "com.apple.product-type.application";
		};
		0790CB3A2C142596003E1729 /* MultiPlatformExampleTests */ = {
			isa = PBXNativeTarget;
			buildConfigurationList = 0790CB522C142596003E1729 /* Build configuration list for PBXNativeTarget "MultiPlatformExampleTests" */;
			buildPhases = (
				0790CB372C142596003E1729 /* Sources */,
				0790CB382C142596003E1729 /* Frameworks */,
				0790CB392C142596003E1729 /* Resources */,
			);
			buildRules = (
			);
			dependencies = (
				0790CB3D2C142596003E1729 /* PBXTargetDependency */,
			);
			name = MultiPlatformExampleTests;
			productName = MultiPlatformExampleTests;
			productReference = 0790CB3B2C142596003E1729 /* MultiPlatformExampleTests.xctest */;
			productType = "com.apple.product-type.bundle.unit-test";
		};
		0790CB442C142596003E1729 /* MultiPlatformExampleUITests */ = {
			isa = PBXNativeTarget;
			buildConfigurationList = 0790CB552C142596003E1729 /* Build configuration list for PBXNativeTarget "MultiPlatformExampleUITests" */;
			buildPhases = (
				0790CB412C142596003E1729 /* Sources */,
				0790CB422C142596003E1729 /* Frameworks */,
				0790CB432C142596003E1729 /* Resources */,
			);
			buildRules = (
			);
			dependencies = (
				0790CB472C142596003E1729 /* PBXTargetDependency */,
			);
			name = MultiPlatformExampleUITests;
			productName = MultiPlatformExampleUITests;
			productReference = 0790CB452C142596003E1729 /* MultiPlatformExampleUITests.xctest */;
			productType = "com.apple.product-type.bundle.ui-testing";
		};
/* End PBXNativeTarget section */

/* Begin PBXProject section */
		0790CB222C142595003E1729 /* Project object */ = {
			isa = PBXProject;
			attributes = {
				BuildIndependentTargetsInParallel = 1;
				LastSwiftUpdateCheck = 1540;
				LastUpgradeCheck = 1540;
				TargetAttributes = {
					0790CB292C142595003E1729 = {
						CreatedOnToolsVersion = 15.4;
					};
					0790CB3A2C142596003E1729 = {
						CreatedOnToolsVersion = 15.4;
						TestTargetID = 0790CB292C142595003E1729;
					};
					0790CB442C142596003E1729 = {
						CreatedOnToolsVersion = 15.4;
						TestTargetID = 0790CB292C142595003E1729;
					};
				};
			};
			buildConfigurationList = 0790CB252C142595003E1729 /* Build configuration list for PBXProject "MultiPlatformExample" */;
			compatibilityVersion = "Xcode 14.0";
			developmentRegion = en;
			hasScannedForEncodings = 0;
			knownRegions = (
				en,
				Base,
			);
			mainGroup = 0790CB212C142595003E1729;
			packageReferences = (
				0790CB582C1492A0003E1729 /* XCLocalSwiftPackageReference "../MyMathPackage" */,
			);
			productRefGroup = 0790CB2B2C142595003E1729 /* Products */;
			projectDirPath = "";
			projectRoot = "";
			targets = (
				0790CB292C142595003E1729 /* MultiPlatformExample */,
				0790CB3A2C142596003E1729 /* MultiPlatformExampleTests */,
				0790CB442C142596003E1729 /* MultiPlatformExampleUITests */,
			);
		};
/* End PBXProject section */

/* Begin PBXResourcesBuildPhase section */
		0790CB282C142595003E1729 /* Resources */ = {
			isa = PBXResourcesBuildPhase;
			buildActionMask = 2147483647;
			files = (
				0790CB362C142596003E1729 /* Preview Assets.xcassets in Resources */,
				0790CB322C142596003E1729 /* Assets.xcassets in Resources */,
			);
			runOnlyForDeploymentPostprocessing = 0;
		};
		0790CB392C142596003E1729 /* Resources */ = {
			isa = PBXResourcesBuildPhase;
			buildActionMask = 2147483647;
			files = (
			);
			runOnlyForDeploymentPostprocessing = 0;
		};
		0790CB432C142596003E1729 /* Resources */ = {
			isa = PBXResourcesBuildPhase;
			buildActionMask = 2147483647;
			files = (
			);
			runOnlyForDeploymentPostprocessing = 0;
		};
/* End PBXResourcesBuildPhase section */

/* Begin PBXSourcesBuildPhase section */
		0790CB262C142595003E1729 /* Sources */ = {
			isa = PBXSourcesBuildPhase;
			buildActionMask = 2147483647;
			files = (
				0790CB302C142595003E1729 /* ContentView.swift in Sources */,
				0790CB2E2C142595003E1729 /* MultiPlatformExampleApp.swift in Sources */,
			);
			runOnlyForDeploymentPostprocessing = 0;
		};
		0790CB372C142596003E1729 /* Sources */ = {
			isa = PBXSourcesBuildPhase;
			buildActionMask = 2147483647;
			files = (
				0790CB402C142596003E1729 /* MultiPlatformExampleTests.swift in Sources */,
			);
			runOnlyForDeploymentPostprocessing = 0;
		};
		0790CB412C142596003E1729 /* Sources */ = {
			isa = PBXSourcesBuildPhase;
			buildActionMask = 2147483647;
			files = (
				0790CB4C2C142596003E1729 /* MultiPlatformExampleUITestsLaunchTests.swift in Sources */,
				0790CB4A2C142596003E1729 /* MultiPlatformExampleUITests.swift in Sources */,
			);
			runOnlyForDeploymentPostprocessing = 0;
		};
/* End PBXSourcesBuildPhase section */

/* Begin PBXTargetDependency section */
		0790CB3D2C142596003E1729 /* PBXTargetDependency */ = {
			isa = PBXTargetDependency;
			target = 0790CB292C142595003E1729 /* MultiPlatformExample */;
			targetProxy = 0790CB3C2C142596003E1729 /* PBXContainerItemProxy */;
		};
		0790CB472C142596003E1729 /* PBXTargetDependency */ = {
			isa = PBXTargetDependency;
			target = 0790CB292C142595003E1729 /* MultiPlatformExample */;
			targetProxy = 0790CB462C142596003E1729 /* PBXContainerItemProxy */;
		};
/* End PBXTargetDependency section */

/* Begin XCBuildConfiguration section */
		0790CB4D2C142596003E1729 /* Debug */ = {
			isa = XCBuildConfiguration;
			buildSettings = {
				ALWAYS_SEARCH_USER_PATHS = NO;
				ASSETCATALOG_COMPILER_GENERATE_SWIFT_ASSET_SYMBOL_EXTENSIONS = YES;
				CLANG_ANALYZER_NONNULL = YES;
				CLANG_ANALYZER_NUMBER_OBJECT_CONVERSION = YES_AGGRESSIVE;
				CLANG_CXX_LANGUAGE_STANDARD = "gnu++20";
				CLANG_ENABLE_MODULES = YES;
				CLANG_ENABLE_OBJC_ARC = YES;
				CLANG_ENABLE_OBJC_WEAK = YES;
				CLANG_WARN_BLOCK_CAPTURE_AUTORELEASING = YES;
				CLANG_WARN_BOOL_CONVERSION = YES;
				CLANG_WARN_COMMA = YES;
				CLANG_WARN_CONSTANT_CONVERSION = YES;
				CLANG_WARN_DEPRECATED_OBJC_IMPLEMENTATIONS = YES;
				CLANG_WARN_DIRECT_OBJC_ISA_USAGE = YES_ERROR;
				CLANG_WARN_DOCUMENTATION_COMMENTS = YES;
				CLANG_WARN_EMPTY_BODY = YES;
				CLANG_WARN_ENUM_CONVERSION = YES;
				CLANG_WARN_INFINITE_RECURSION = YES;
				CLANG_WARN_INT_CONVERSION = YES;
				CLANG_WARN_NON_LITERAL_NULL_CONVERSION = YES;
				CLANG_WARN_OBJC_IMPLICIT_RETAIN_SELF = YES;
				CLANG_WARN_OBJC_LITERAL_CONVERSION = YES;
				CLANG_WARN_OBJC_ROOT_CLASS = YES_ERROR;
				CLANG_WARN_QUOTED_INCLUDE_IN_FRAMEWORK_HEADER = YES;
				CLANG_WARN_RANGE_LOOP_ANALYSIS = YES;
				CLANG_WARN_STRICT_PROTOTYPES = YES;
				CLANG_WARN_SUSPICIOUS_MOVE = YES;
				CLANG_WARN_UNGUARDED_AVAILABILITY = YES_AGGRESSIVE;
				CLANG_WARN_UNREACHABLE_CODE = YES;
				CLANG_WARN__DUPLICATE_METHOD_MATCH = YES;
				COPY_PHASE_STRIP = NO;
				DEBUG_INFORMATION_FORMAT = dwarf;
				ENABLE_STRICT_OBJC_MSGSEND = YES;
				ENABLE_TESTABILITY = YES;
				ENABLE_USER_SCRIPT_SANDBOXING = YES;
				GCC_C_LANGUAGE_STANDARD = gnu17;
				GCC_DYNAMIC_NO_PIC = NO;
				GCC_NO_COMMON_BLOCKS = YES;
				GCC_OPTIMIZATION_LEVEL = 0;
				GCC_PREPROCESSOR_DEFINITIONS = (
					"DEBUG=1",
					"$(inherited)",
				);
				GCC_WARN_64_TO_32_BIT_CONVERSION = YES;
				GCC_WARN_ABOUT_RETURN_TYPE = YES_ERROR;
				GCC_WARN_UNDECLARED_SELECTOR = YES;
				GCC_WARN_UNINITIALIZED_AUTOS = YES_AGGRESSIVE;
				GCC_WARN_UNUSED_FUNCTION = YES;
				GCC_WARN_UNUSED_VARIABLE = YES;
				LOCALIZATION_PREFERS_STRING_CATALOGS = YES;
				MTL_ENABLE_DEBUG_INFO = INCLUDE_SOURCE;
				MTL_FAST_MATH = YES;
				ONLY_ACTIVE_ARCH = YES;
				SWIFT_ACTIVE_COMPILATION_CONDITIONS = "DEBUG $(inherited)";
				SWIFT_OPTIMIZATION_LEVEL = "-Onone";
			};
			name = Debug;
		};
		0790CB4E2C142596003E1729 /* Release */ = {
			isa = XCBuildConfiguration;
			buildSettings = {
				ALWAYS_SEARCH_USER_PATHS = NO;
				ASSETCATALOG_COMPILER_GENERATE_SWIFT_ASSET_SYMBOL_EXTENSIONS = YES;
				CLANG_ANALYZER_NONNULL = YES;
				CLANG_ANALYZER_NUMBER_OBJECT_CONVERSION = YES_AGGRESSIVE;
				CLANG_CXX_LANGUAGE_STANDARD = "gnu++20";
				CLANG_ENABLE_MODULES = YES;
				CLANG_ENABLE_OBJC_ARC = YES;
				CLANG_ENABLE_OBJC_WEAK = YES;
				CLANG_WARN_BLOCK_CAPTURE_AUTORELEASING = YES;
				CLANG_WARN_BOOL_CONVERSION = YES;
				CLANG_WARN_COMMA = YES;
				CLANG_WARN_CONSTANT_CONVERSION = YES;
				CLANG_WARN_DEPRECATED_OBJC_IMPLEMENTATIONS = YES;
				CLANG_WARN_DIRECT_OBJC_ISA_USAGE = YES_ERROR;
				CLANG_WARN_DOCUMENTATION_COMMENTS = YES;
				CLANG_WARN_EMPTY_BODY = YES;
				CLANG_WARN_ENUM_CONVERSION = YES;
				CLANG_WARN_INFINITE_RECURSION = YES;
				CLANG_WARN_INT_CONVERSION = YES;
				CLANG_WARN_NON_LITERAL_NULL_CONVERSION = YES;
				CLANG_WARN_OBJC_IMPLICIT_RETAIN_SELF = YES;
				CLANG_WARN_OBJC_LITERAL_CONVERSION = YES;
				CLANG_WARN_OBJC_ROOT_CLASS = YES_ERROR;
				CLANG_WARN_QUOTED_INCLUDE_IN_FRAMEWORK_HEADER = YES;
				CLANG_WARN_RANGE_LOOP_ANALYSIS = YES;
				CLANG_WARN_STRICT_PROTOTYPES = YES;
				CLANG_WARN_SUSPICIOUS_MOVE = YES;
				CLANG_WARN_UNGUARDED_AVAILABILITY = YES_AGGRESSIVE;
				CLANG_WARN_UNREACHABLE_CODE = YES;
				CLANG_WARN__DUPLICATE_METHOD_MATCH = YES;
				COPY_PHASE_STRIP = NO;
				DEBUG_INFORMATION_FORMAT = "dwarf-with-dsym";
				ENABLE_NS_ASSERTIONS = NO;
				ENABLE_STRICT_OBJC_MSGSEND = YES;
				ENABLE_USER_SCRIPT_SANDBOXING = YES;
				GCC_C_LANGUAGE_STANDARD = gnu17;
				GCC_NO_COMMON_BLOCKS = YES;
				GCC_WARN_64_TO_32_BIT_CONVERSION = YES;
				GCC_WARN_ABOUT_RETURN_TYPE = YES_ERROR;
				GCC_WARN_UNDECLARED_SELECTOR = YES;
				GCC_WARN_UNINITIALIZED_AUTOS = YES_AGGRESSIVE;
				GCC_WARN_UNUSED_FUNCTION = YES;
				GCC_WARN_UNUSED_VARIABLE = YES;
				LOCALIZATION_PREFERS_STRING_CATALOGS = YES;
				MTL_ENABLE_DEBUG_INFO = NO;
				MTL_FAST_MATH = YES;
				SWIFT_COMPILATION_MODE = wholemodule;
			};
			name = Release;
		};
		0790CB502C142596003E1729 /* Debug */ = {
			isa = XCBuildConfiguration;
			buildSettings = {
				ASSETCATALOG_COMPILER_APPICON_NAME = AppIcon;
				ASSETCATALOG_COMPILER_GLOBAL_ACCENT_COLOR_NAME = AccentColor;
				CODE_SIGN_ENTITLEMENTS = MultiPlatformExample/MultiPlatformExample.entitlements;
				CODE_SIGN_STYLE = Automatic;
				CURRENT_PROJECT_VERSION = 1;
				DEVELOPMENT_ASSET_PATHS = "\"MultiPlatformExample/Preview Content\"";
				ENABLE_PREVIEWS = YES;
				GENERATE_INFOPLIST_FILE = YES;
				"INFOPLIST_KEY_UIApplicationSceneManifest_Generation[sdk=iphoneos*]" = YES;
				"INFOPLIST_KEY_UIApplicationSceneManifest_Generation[sdk=iphonesimulator*]" = YES;
				"INFOPLIST_KEY_UIApplicationSupportsIndirectInputEvents[sdk=iphoneos*]" = YES;
				"INFOPLIST_KEY_UIApplicationSupportsIndirectInputEvents[sdk=iphonesimulator*]" = YES;
				"INFOPLIST_KEY_UILaunchScreen_Generation[sdk=iphoneos*]" = YES;
				"INFOPLIST_KEY_UILaunchScreen_Generation[sdk=iphonesimulator*]" = YES;
				"INFOPLIST_KEY_UIStatusBarStyle[sdk=iphoneos*]" = UIStatusBarStyleDefault;
				"INFOPLIST_KEY_UIStatusBarStyle[sdk=iphonesimulator*]" = UIStatusBarStyleDefault;
				INFOPLIST_KEY_UISupportedInterfaceOrientations_iPad = "UIInterfaceOrientationPortrait UIInterfaceOrientationPortraitUpsideDown UIInterfaceOrientationLandscapeLeft UIInterfaceOrientationLandscapeRight";
				INFOPLIST_KEY_UISupportedInterfaceOrientations_iPhone = "UIInterfaceOrientationPortrait UIInterfaceOrientationLandscapeLeft UIInterfaceOrientationLandscapeRight";
				IPHONEOS_DEPLOYMENT_TARGET = 17.5;
				LD_RUNPATH_SEARCH_PATHS = "@executable_path/Frameworks";
				"LD_RUNPATH_SEARCH_PATHS[sdk=macosx*]" = "@executable_path/../Frameworks";
				MACOSX_DEPLOYMENT_TARGET = 14.4;
				MARKETING_VERSION = 1.0;
				PRODUCT_BUNDLE_IDENTIFIER = cargo.xcframework.MultiPlatformExample;
				PRODUCT_NAME = "$(TARGET_NAME)";
				SDKROOT = auto;
				SUPPORTED_PLATFORMS = "iphoneos iphonesimulator macosx";
				SWIFT_EMIT_LOC_STRINGS = YES;
				SWIFT_VERSION = 5.0;
				TARGETED_DEVICE_FAMILY = "1,2";
			};
			name = Debug;
		};
		0790CB512C142596003E1729 /* Release */ = {
			isa = XCBuildConfiguration;
			buildSettings = {
				ASSETCATALOG_COMPILER_APPICON_NAME = AppIcon;
				ASSETCATALOG_COMPILER_GLOBAL_ACCENT_COLOR_NAME = AccentColor;
				CODE_SIGN_ENTITLEMENTS = MultiPlatformExample/MultiPlatformExample.entitlements;
				CODE_SIGN_STYLE = Automatic;
				CURRENT_PROJECT_VERSION = 1;
				DEVELOPMENT_ASSET_PATHS = "\"MultiPlatformExample/Preview Content\"";
				ENABLE_PREVIEWS = YES;
				GENERATE_INFOPLIST_FILE = YES;
				"INFOPLIST_KEY_UIApplicationSceneManifest_Generation[sdk=iphoneos*]" = YES;
				"INFOPLIST_KEY_UIApplicationSceneManifest_Generation[sdk=iphonesimulator*]" = YES;
				"INFOPLIST_KEY_UIApplicationSupportsIndirectInputEvents[sdk=iphoneos*]" = YES;
				"INFOPLIST_KEY_UIApplicationSupportsIndirectInputEvents[sdk=iphonesimulator*]" = YES;
				"INFOPLIST_KEY_UILaunchScreen_Generation[sdk=iphoneos*]" = YES;
				"INFOPLIST_KEY_UILaunchScreen_Generation[sdk=iphonesimulator*]" = YES;
				"INFOPLIST_KEY_UIStatusBarStyle[sdk=iphoneos*]" = UIStatusBarStyleDefault;
				"INFOPLIST_KEY_UIStatusBarStyle[sdk=iphonesimulator*]" = UIStatusBarStyleDefault;
				INFOPLIST_KEY_UISupportedInterfaceOrientations_iPad = "UIInterfaceOrientationPortrait UIInterfaceOrientationPortraitUpsideDown UIInterfaceOrientationLandscapeLeft UIInterfaceOrientationLandscapeRight";
				INFOPLIST_KEY_UISupportedInterfaceOrientations_iPhone = "UIInterfaceOrientationPortrait UIInterfaceOrientationLandscapeLeft UIInterfaceOrientationLandscapeRight";
				IPHONEOS_DEPLOYMENT_TARGET = 17.5;
				LD_RUNPATH_SEARCH_PATHS = "@executable_path/Frameworks";
				"LD_RUNPATH_SEARCH_PATHS[sdk=macosx*]" = "@executable_path/../Frameworks";
				MACOSX_DEPLOYMENT_TARGET = 14.4;
				MARKETING_VERSION = 1.0;
				PRODUCT_BUNDLE_IDENTIFIER = cargo.xcframework.MultiPlatformExample;
				PRODUCT_NAME = "$(TARGET_NAME)";
				SDKROOT = auto;
				SUPPORTED_PLATFORMS = "iphoneos iphonesimulator macosx";
				SWIFT_EMIT_LOC_STRINGS = YES;
				SWIFT_VERSION = 5.0;
				TARGETED_DEVICE_FAMILY = "1,2";
			};
			name = Release;
		};
		0790CB532C142596003E1729 /* Debug */ = {
			isa = XCBuildConfiguration;
			buildSettings = {
				ALWAYS_EMBED_SWIFT_STANDARD_LIBRARIES = YES;
				BUNDLE_LOADER = "$(TEST_HOST)";
				CODE_SIGN_STYLE = Automatic;
				CURRENT_PROJECT_VERSION = 1;
				GENERATE_INFOPLIST_FILE = YES;
				IPHONEOS_DEPLOYMENT_TARGET = 17.5;
				MACOSX_DEPLOYMENT_TARGET = 14.4;
				MARKETING_VERSION = 1.0;
				PRODUCT_BUNDLE_IDENTIFIER = cargo.xcframework.MultiPlatformExampleTests;
				PRODUCT_NAME = "$(TARGET_NAME)";
				SDKROOT = auto;
				SUPPORTED_PLATFORMS = "iphoneos iphonesimulator macosx";
				SWIFT_EMIT_LOC_STRINGS = NO;
				SWIFT_VERSION = 5.0;
				TARGETED_DEVICE_FAMILY = "1,2";
				TEST_HOST = "$(BUILT_PRODUCTS_DIR)/MultiPlatformExample.app/$(BUNDLE_EXECUTABLE_FOLDER_PATH)/MultiPlatformExample";
			};
			name = Debug;
		};
		0790CB542C142596003E1729 /* Release */ = {
			isa = XCBuildConfiguration;
			buildSettings = {
				ALWAYS_EMBED_SWIFT_STANDARD_LIBRARIES = YES;
				BUNDLE_LOADER = "$(TEST_HOST)";
				CODE_SIGN_STYLE = Automatic;
				CURRENT_PROJECT_VERSION = 1;
				GENERATE_INFOPLIST_FILE = YES;
				IPHONEOS_DEPLOYMENT_TARGET = 17.5;
				MACOSX_DEPLOYMENT_TARGET = 14.4;
				MARKETING_VERSION = 1.0;
				PRODUCT_BUNDLE_IDENTIFIER = cargo.xcframework.MultiPlatformExampleTests;
				PRODUCT_NAME = "$(TARGET_NAME)";
				SDKROOT = auto;
				SUPPORTED_PLATFORMS = "iphoneos iphonesimulator macosx";
				SWIFT_EMIT_LOC_STRINGS = NO;
				SWIFT_VERSION = 5.0;
				TARGETED_DEVICE_FAMILY = "1,2";
				TEST_HOST = "$(BUILT_PRODUCTS_DIR)/MultiPlatformExample.app/$(BUNDLE_EXECUTABLE_FOLDER_PATH)/MultiPlatformExample";
			};
			name = Release;
		};
		0790CB562C142596003E1729 /* Debug */ = {
			isa = XCBuildConfiguration;
			buildSettings = {
				ALWAYS_EMBED_SWIFT_STANDARD_LIBRARIES = YES;
				CODE_SIGN_STYLE = Automatic;
				CURRENT_PROJECT_VERSION = 1;
				GENERATE_INFOPLIST_FILE = YES;
				IPHONEOS_DEPLOYMENT_TARGET = 17.5;
				MACOSX_DEPLOYMENT_TARGET = 14.4;
				MARKETING_VERSION = 1.0;
				PRODUCT_BUNDLE_IDENTIFIER = cargo.xcframework.MultiPlatformExampleUITests;
				PRODUCT_NAME = "$(TARGET_NAME)";
				SDKROOT = auto;
				SUPPORTED_PLATFORMS = "iphoneos iphonesimulator macosx";
				SWIFT_EMIT_LOC_STRINGS = NO;
				SWIFT_VERSION = 5.0;
				TARGETED_DEVICE_FAMILY = "1,2";
				TEST_TARGET_NAME = MultiPlatformExample;
			};
			name = Debug;
		};
		0790CB572C142596003E1729 /* Release */ = {
			isa = XCBuildConfiguration;
			buildSettings = {
				ALWAYS_EMBED_SWIFT_STANDARD_LIBRARIES = YES;
				CODE_SIGN_STYLE = Automatic;
				CURRENT_PROJECT_VERSION = 1;
				GENERATE_INFOPLIST_FILE = YES;
				IPHONEOS_DEPLOYMENT_TARGET = 17.5;
				MACOSX_DEPLOYMENT_TARGET = 14.4;
				MARKETING_VERSION = 1.0;
				PRODUCT_BUNDLE_IDENTIFIER = cargo.xcframework.MultiPlatformExampleUITests;
				PRODUCT_NAME = "$(TARGET_NAME)";
				SDKROOT = auto;
				SUPPORTED_PLATFORMS = "iphoneos iphonesimulator macosx";
				SWIFT_EMIT_LOC_STRINGS = NO;
				SWIFT_VERSION = 5.0;
				TARGETED_DEVICE_FAMILY = "1,2";
				TEST_TARGET_NAME = MultiPlatformExample;
			};
			name = Release;
		};
/* End XCBuildConfiguration section */

/* Begin XCConfigurationList section */
		0790CB252C142595003E1729 /* Build configuration list for PBXProject "MultiPlatformExample" */ = {
			isa = XCConfigurationList;
			buildConfigurations = (
				0790CB4D2C142596003E1729 /* Debug */,
				0790CB4E2C142596003E1729 /* Release */,
			);
			defaultConfigurationIsVisible = 0;
			defaultConfigurationName = Release;
		};
		0790CB4F2C142596003E1729 /* Build configuration list for PBXNativeTarget "MultiPlatformExample" */ = {
			isa = XCConfigurationList;
			buildConfigurations = (
				0790CB502C142596003E1729 /* Debug */,
				0790CB512C142596003E1729 /* Release */,
			);
			defaultConfigurationIsVisible = 0;
			defaultConfigurationName = Release;
		};
		0790CB522C142596003E1729 /* Build configuration list for PBXNativeTarget "MultiPlatformExampleTests" */ = {
			isa = XCConfigurationList;
			buildConfigurations = (
				0790CB532C142596003E1729 /* Debug */,
				0790CB542C142596003E1729 /* Release */,
			);
			defaultConfigurationIsVisible = 0;
			defaultConfigurationName = Release;
		};
		0790CB552C142596003E1729 /* Build configuration list for PBXNativeTarget "MultiPlatformExampleUITests" */ = {
			isa = XCConfigurationList;
			buildConfigurations = (
				0790CB562C142596003E1729 /* Debug */,
				0790CB572C142596003E1729 /* Release */,
			);
			defaultConfigurationIsVisible = 0;
			defaultConfigurationName = Release;
		};
/* End XCConfigurationList section */

/* Begin XCLocalSwiftPackageReference section */
		0790CB582C1492A0003E1729 /* XCLocalSwiftPackageReference "../MyMathPackage" */ = {
			isa = XCLocalSwiftPackageReference;
			relativePath = ../MyMathPackage;
		};
/* End XCLocalSwiftPackageReference section */

/* Begin XCSwiftPackageProductDependency section */
		0790CB592C1492A0003E1729 /* MyMathPackage */ = {
			isa = XCSwiftPackageProductDependency;
			productName = MyMathPackage;
		};
/* End XCSwiftPackageProductDependency section */
	};
	rootObject = 0790CB222C142595003E1729 /* Project object */;
}
